
Microsoft Visual Studio Solution File, Format Version 12.00
# Visual Studio Version 17
VisualStudioVersion = 17.8.34511.84
MinimumVisualStudioVersion = 10.0.40219.1
Project("{FAE04EC0-301F-11D3-BF4B-00C04F79EFBC}") = "sample1", "sample1\sample1.csproj", "{7394EF2B-79E6-4F49-BA64-8680ABBCB654}"
EndProject
Global
	GlobalSection(SolutionConfigurationPlatforms) = preSolution
		Debug|Any CPU = Debug|Any CPU
		Release|Any CPU = Release|Any CPU
	EndGlobalSection
	GlobalSection(ProjectConfigurationPlatforms) = postSolution
		{7394EF2B-79E6-4F49-BA64-8680ABBCB654}.Debug|Any CPU.ActiveCfg = Debug|Any CPU
		{7394EF2B-79E6-4F49-BA64-8680ABBCB654}.Debug|Any CPU.Build.0 = Debug|Any CPU
		{7394EF2B-79E6-4F49-BA64-8680ABBCB654}.Release|Any CPU.ActiveCfg = Release|Any CPU
		{7394EF2B-79E6-4F49-BA64-8680ABBCB654}.Release|Any CPU.Build.0 = Release|Any CPU
	EndGlobalSection
	GlobalSection(SolutionProperties) = preSolution
		HideSolutionNode = FALSE
	EndGlobalSection
	GlobalSection(ExtensibilityGlobals) = postSolution
		SolutionGuid = {5EBEA066-D16E-418C-9380-3C05F5754632}
	EndGlobalSection
EndGlobal
